
Microsoft Visual Studio Solution File, Format Version 12.00
# Visual Studio Version 17
VisualStudioVersion = 17.4.33205.214
MinimumVisualStudioVersion = 10.0.40219.1
Project("{FAE04EC0-301F-11D3-BF4B-00C04F79EFBC}") = "kezdokepernyo", "kezdokepernyo\kezdokepernyo.csproj", "{1D1EA37A-EC2D-4B74-B939-E1F4DB881446}"
EndProject
Global
	GlobalSection(SolutionConfigurationPlatforms) = preSolution
		Debug|Any CPU = Debug|Any CPU
		Release|Any CPU = Release|Any CPU
	EndGlobalSection
	GlobalSection(ProjectConfigurationPlatforms) = postSolution
		{1D1EA37A-EC2D-4B74-B939-E1F4DB881446}.Debug|Any CPU.ActiveCfg = Debug|Any CPU
		{1D1EA37A-EC2D-4B74-B939-E1F4DB881446}.Debug|Any CPU.Build.0 = Debug|Any CPU
		{1D1EA37A-EC2D-4B74-B939-E1F4DB881446}.Release|Any CPU.ActiveCfg = Release|Any CPU
		{1D1EA37A-EC2D-4B74-B939-E1F4DB881446}.Release|Any CPU.Build.0 = Release|Any CPU
	EndGlobalSection
	GlobalSection(SolutionProperties) = preSolution
		HideSolutionNode = FALSE
	EndGlobalSection
	GlobalSection(ExtensibilityGlobals) = postSolution
		SolutionGuid = {3377C504-8886-4B27-B9EB-EDDE8D0802B2}
	EndGlobalSection
EndGlobal
